GEM
  remote: http://rubygems.org/
  specs:
    addressable (2.3.5)
    akami (1.2.2)
      gyoku (>= 0.4.0)
      nokogiri
    builder (3.2.2)
    celluloid (0.14.1)
      timers (>= 1.0.0)
    gyoku (1.1.1)
      builder (>= 2.1.2)
    hitimes (1.2.1)
    httpclient (2.3.4.1)
    httpi (2.1.0)
      rack
      rubyntlm (~> 0.3.2)
    macaddr (1.7.1)
      systemu (~> 2.6.2)
    mime-types (1.25.1)
    mini_portile (0.6.0)
    nokogiri (1.6.2.1)
      mini_portile (= 0.6.0)
    nori (2.4.0)
    rack (1.5.2)
    rubyntlm (0.3.4)
    savon (2.5.1)
      akami (~> 1.2.0)
      builder (>= 2.1.2)
      gyoku (~> 1.1.0)
      httpi (~> 2.1.0)
      nokogiri (>= 1.4.0)
      nori (~> 2.4.0)
      uuid (~> 2.3.7)
      wasabi (~> 3.3.0)
    sonos (0.3.5)
      httpclient
      nokogiri
      savon (~> 2.0)
      thor
    systemu (2.6.4)
    thor (0.19.1)
    timecop (0.7.0)
    timers (2.0.0)
      hitimes
    uuid (2.3.7)
      macaddr (~> 1.0)
    wasabi (3.3.0)
      httpi (~> 2.0)
      mime-types (< 2.0.0)
      nokogiri (>= 1.4.0)

PLATFORMS
  ruby

DEPENDENCIES
  addressable
  celluloid
  rack
  sonos
  thor
  timecop
  timers
